
Microsoft Visual Studio Solution File, Format Version 12.00
# Visual Studio 15
VisualStudioVersion = 15.0.28010.2003
MinimumVisualStudioVersion = 10.0.40219.1
Project("{FAE04EC0-301F-11D3-BF4B-00C04F79EFBC}") = "bai2", "bai2\bai2.csproj", "{8DDC0430-B68E-47E4-8E42-9250DE5736E6}"
EndProject
Global
	GlobalSection(SolutionConfigurationPlatforms) = preSolution
		Debug|Any CPU = Debug|Any CPU
		Release|Any CPU = Release|Any CPU
	EndGlobalSection
	GlobalSection(ProjectConfigurationPlatforms) = postSolution
		{8DDC0430-B68E-47E4-8E42-9250DE5736E6}.Debug|Any CPU.ActiveCfg = Debug|Any CPU
		{8DDC0430-B68E-47E4-8E42-9250DE5736E6}.Debug|Any CPU.Build.0 = Debug|Any CPU
		{8DDC0430-B68E-47E4-8E42-9250DE5736E6}.Release|Any CPU.ActiveCfg = Release|Any CPU
		{8DDC0430-B68E-47E4-8E42-9250DE5736E6}.Release|Any CPU.Build.0 = Release|Any CPU
	EndGlobalSection
	GlobalSection(SolutionProperties) = preSolution
		HideSolutionNode = FALSE
	EndGlobalSection
	GlobalSection(ExtensibilityGlobals) = postSolution
		SolutionGuid = {332CF693-6FDF-4A0B-97A7-F0F0B27AA71A}
	EndGlobalSection
EndGlobal
