
Microsoft Visual Studio Solution File, Format Version 12.00
# Visual Studio 15
VisualStudioVersion = 15.0.28010.2003
MinimumVisualStudioVersion = 10.0.40219.1
Project("{FAE04EC0-301F-11D3-BF4B-00C04F79EFBC}") = "Baitap5", "Baitap4\Baitap5.csproj", "{4644607A-2B48-4AF7-B7AC-3484D4528FBE}"
EndProject
Global
	GlobalSection(SolutionConfigurationPlatforms) = preSolution
		Debug|Any CPU = Debug|Any CPU
		Release|Any CPU = Release|Any CPU
	EndGlobalSection
	GlobalSection(ProjectConfigurationPlatforms) = postSolution
		{4644607A-2B48-4AF7-B7AC-3484D4528FBE}.Debug|Any CPU.ActiveCfg = Debug|Any CPU
		{4644607A-2B48-4AF7-B7AC-3484D4528FBE}.Debug|Any CPU.Build.0 = Debug|Any CPU
		{4644607A-2B48-4AF7-B7AC-3484D4528FBE}.Release|Any CPU.ActiveCfg = Release|Any CPU
		{4644607A-2B48-4AF7-B7AC-3484D4528FBE}.Release|Any CPU.Build.0 = Release|Any CPU
	EndGlobalSection
	GlobalSection(SolutionProperties) = preSolution
		HideSolutionNode = FALSE
	EndGlobalSection
	GlobalSection(ExtensibilityGlobals) = postSolution
		SolutionGuid = {32071AE9-4BB6-40DC-AB0E-69B8F853073B}
	EndGlobalSection
EndGlobal
